
Microsoft Visual Studio Solution File, Format Version 12.00
# Visual Studio 14
VisualStudioVersion = 14.0.25420.1
MinimumVisualStudioVersion = 10.0.40219.1
Project("{FAE04EC0-301F-11D3-BF4B-00C04F79EFBC}") = "PruebaApp.Net.Problema01", "PruebaApp.Net.Problema01\PruebaApp.Net.Problema01.csproj", "{84025257-6B4B-46D0-A0D1-DBDB86E06CB7}"
EndProject
Project("{FAE04EC0-301F-11D3-BF4B-00C04F79EFBC}") = "PruebaApp.Net.Problema02", "PruebaApp.Net.Problema02\PruebaApp.Net.Problema02.csproj", "{DDBF90F3-7E7B-4ACF-9724-07382762D0AE}"
EndProject
Project("{FAE04EC0-301F-11D3-BF4B-00C04F79EFBC}") = "PruebaApp.Net.Problema03", "PruebaApp.Net.Problema03\PruebaApp.Net.Problema03.csproj", "{3DA4FB79-FC8A-4417-A59B-09B18E921A2F}"
EndProject
Global
	GlobalSection(SolutionConfigurationPlatforms) = preSolution
		Debug|Any CPU = Debug|Any CPU
		Release|Any CPU = Release|Any CPU
	EndGlobalSection
	GlobalSection(ProjectConfigurationPlatforms) = postSolution
		{84025257-6B4B-46D0-A0D1-DBDB86E06CB7}.Debug|Any CPU.ActiveCfg = Debug|Any CPU
		{84025257-6B4B-46D0-A0D1-DBDB86E06CB7}.Debug|Any CPU.Build.0 = Debug|Any CPU
		{84025257-6B4B-46D0-A0D1-DBDB86E06CB7}.Release|Any CPU.ActiveCfg = Release|Any CPU
		{84025257-6B4B-46D0-A0D1-DBDB86E06CB7}.Release|Any CPU.Build.0 = Release|Any CPU
		{DDBF90F3-7E7B-4ACF-9724-07382762D0AE}.Debug|Any CPU.ActiveCfg = Debug|Any CPU
		{DDBF90F3-7E7B-4ACF-9724-07382762D0AE}.Debug|Any CPU.Build.0 = Debug|Any CPU
		{DDBF90F3-7E7B-4ACF-9724-07382762D0AE}.Release|Any CPU.ActiveCfg = Release|Any CPU
		{DDBF90F3-7E7B-4ACF-9724-07382762D0AE}.Release|Any CPU.Build.0 = Release|Any CPU
		{3DA4FB79-FC8A-4417-A59B-09B18E921A2F}.Debug|Any CPU.ActiveCfg = Debug|Any CPU
		{3DA4FB79-FC8A-4417-A59B-09B18E921A2F}.Debug|Any CPU.Build.0 = Debug|Any CPU
		{3DA4FB79-FC8A-4417-A59B-09B18E921A2F}.Release|Any CPU.ActiveCfg = Release|Any CPU
		{3DA4FB79-FC8A-4417-A59B-09B18E921A2F}.Release|Any CPU.Build.0 = Release|Any CPU
	EndGlobalSection
	GlobalSection(SolutionProperties) = preSolution
		HideSolutionNode = FALSE
	EndGlobalSection
EndGlobal
